
Microsoft Visual Studio Solution File, Format Version 12.00
# Visual Studio 14
VisualStudioVersion = 14.0.24720.0
MinimumVisualStudioVersion = 10.0.40219.1
Project("{FAE04EC0-301F-11D3-BF4B-00C04F79EFBC}") = "SortingService", "SortingService\SortingService.csproj", "{EF7F3294-9E47-401C-BE2D-2B37E98B6F01}"
EndProject
Project("{FAE04EC0-301F-11D3-BF4B-00C04F79EFBC}") = "SortingService.BusinessLayer", "SortingService.BusinessLayer\SortingService.BusinessLayer.csproj", "{131D96E9-913D-4445-8C4F-D0F9B0BB0AC5}"
EndProject
Project("{FAE04EC0-301F-11D3-BF4B-00C04F79EFBC}") = "SortingService.DataAccess", "SortingService.DataAccess\SortingService.DataAccess.csproj", "{899738E2-FCEC-4CBD-9344-16EF523B627E}"
EndProject
Project("{FAE04EC0-301F-11D3-BF4B-00C04F79EFBC}") = "SortingService.Client", "SortingService.Client\SortingService.Client.csproj", "{7F82DCE8-F633-497D-BF7D-E7F1EFE193CA}"
	ProjectSection(ProjectDependencies) = postProject
		{EF7F3294-9E47-401C-BE2D-2B37E98B6F01} = {EF7F3294-9E47-401C-BE2D-2B37E98B6F01}
	EndProjectSection
EndProject
Project("{2150E333-8FDC-42A3-9474-1A3956D46DE8}") = "Clients", "Clients", "{AA7B2327-F62C-4D0D-82BC-9407351C0F34}"
EndProject
Project("{FAE04EC0-301F-11D3-BF4B-00C04F79EFBC}") = "SortingService.Clients.Common", "SortingService.Clients.Common\SortingService.Clients.Common.csproj", "{65237CE7-CED5-4B76-99D2-58C63B323E1C}"
EndProject
Project("{FAE04EC0-301F-11D3-BF4B-00C04F79EFBC}") = "SortingService.Client16GBFile", "SortingService.Client16GBFile\SortingService.Client16GBFile.csproj", "{4F5C1045-F899-4C17-A27F-B618D15CC01B}"
	ProjectSection(ProjectDependencies) = postProject
		{EF7F3294-9E47-401C-BE2D-2B37E98B6F01} = {EF7F3294-9E47-401C-BE2D-2B37E98B6F01}
	EndProjectSection
EndProject
Project("{2150E333-8FDC-42A3-9474-1A3956D46DE8}") = "Tests", "Tests", "{1D442151-0D6E-459A-AF70-1D15E4CC77B8}"
EndProject
Project("{FAE04EC0-301F-11D3-BF4B-00C04F79EFBC}") = "SortingService.UnitTests", "SortingService.UnitTests\SortingService.UnitTests.csproj", "{4F763BDF-1DB8-4AB5-83A9-686A0CA45C3C}"
EndProject
Project("{FAE04EC0-301F-11D3-BF4B-00C04F79EFBC}") = "SortingService.IntegrationTests", "SortingService.IntegrationTests\SortingService.IntegrationTests.csproj", "{5EB8D2F1-9535-4CE7-BC51-91088D10BA75}"
EndProject
Global
	GlobalSection(SolutionConfigurationPlatforms) = preSolution
		Debug|Any CPU = Debug|Any CPU
		Release|Any CPU = Release|Any CPU
	EndGlobalSection
	GlobalSection(ProjectConfigurationPlatforms) = postSolution
		{EF7F3294-9E47-401C-BE2D-2B37E98B6F01}.Debug|Any CPU.ActiveCfg = Debug|Any CPU
		{EF7F3294-9E47-401C-BE2D-2B37E98B6F01}.Debug|Any CPU.Build.0 = Debug|Any CPU
		{EF7F3294-9E47-401C-BE2D-2B37E98B6F01}.Release|Any CPU.ActiveCfg = Release|Any CPU
		{EF7F3294-9E47-401C-BE2D-2B37E98B6F01}.Release|Any CPU.Build.0 = Release|Any CPU
		{131D96E9-913D-4445-8C4F-D0F9B0BB0AC5}.Debug|Any CPU.ActiveCfg = Debug|Any CPU
		{131D96E9-913D-4445-8C4F-D0F9B0BB0AC5}.Debug|Any CPU.Build.0 = Debug|Any CPU
		{131D96E9-913D-4445-8C4F-D0F9B0BB0AC5}.Release|Any CPU.ActiveCfg = Release|Any CPU
		{131D96E9-913D-4445-8C4F-D0F9B0BB0AC5}.Release|Any CPU.Build.0 = Release|Any CPU
		{899738E2-FCEC-4CBD-9344-16EF523B627E}.Debug|Any CPU.ActiveCfg = Debug|Any CPU
		{899738E2-FCEC-4CBD-9344-16EF523B627E}.Debug|Any CPU.Build.0 = Debug|Any CPU
		{899738E2-FCEC-4CBD-9344-16EF523B627E}.Release|Any CPU.ActiveCfg = Release|Any CPU
		{899738E2-FCEC-4CBD-9344-16EF523B627E}.Release|Any CPU.Build.0 = Release|Any CPU
		{7F82DCE8-F633-497D-BF7D-E7F1EFE193CA}.Debug|Any CPU.ActiveCfg = Debug|Any CPU
		{7F82DCE8-F633-497D-BF7D-E7F1EFE193CA}.Debug|Any CPU.Build.0 = Debug|Any CPU
		{7F82DCE8-F633-497D-BF7D-E7F1EFE193CA}.Release|Any CPU.ActiveCfg = Release|Any CPU
		{7F82DCE8-F633-497D-BF7D-E7F1EFE193CA}.Release|Any CPU.Build.0 = Release|Any CPU
		{65237CE7-CED5-4B76-99D2-58C63B323E1C}.Debug|Any CPU.ActiveCfg = Debug|Any CPU
		{65237CE7-CED5-4B76-99D2-58C63B323E1C}.Debug|Any CPU.Build.0 = Debug|Any CPU
		{65237CE7-CED5-4B76-99D2-58C63B323E1C}.Release|Any CPU.ActiveCfg = Release|Any CPU
		{65237CE7-CED5-4B76-99D2-58C63B323E1C}.Release|Any CPU.Build.0 = Release|Any CPU
		{4F5C1045-F899-4C17-A27F-B618D15CC01B}.Debug|Any CPU.ActiveCfg = Debug|Any CPU
		{4F5C1045-F899-4C17-A27F-B618D15CC01B}.Debug|Any CPU.Build.0 = Debug|Any CPU
		{4F5C1045-F899-4C17-A27F-B618D15CC01B}.Release|Any CPU.ActiveCfg = Release|Any CPU
		{4F5C1045-F899-4C17-A27F-B618D15CC01B}.Release|Any CPU.Build.0 = Release|Any CPU
		{4F763BDF-1DB8-4AB5-83A9-686A0CA45C3C}.Debug|Any CPU.ActiveCfg = Debug|Any CPU
		{4F763BDF-1DB8-4AB5-83A9-686A0CA45C3C}.Debug|Any CPU.Build.0 = Debug|Any CPU
		{4F763BDF-1DB8-4AB5-83A9-686A0CA45C3C}.Release|Any CPU.ActiveCfg = Release|Any CPU
		{4F763BDF-1DB8-4AB5-83A9-686A0CA45C3C}.Release|Any CPU.Build.0 = Release|Any CPU
		{5EB8D2F1-9535-4CE7-BC51-91088D10BA75}.Debug|Any CPU.ActiveCfg = Debug|Any CPU
		{5EB8D2F1-9535-4CE7-BC51-91088D10BA75}.Debug|Any CPU.Build.0 = Debug|Any CPU
		{5EB8D2F1-9535-4CE7-BC51-91088D10BA75}.Release|Any CPU.ActiveCfg = Release|Any CPU
		{5EB8D2F1-9535-4CE7-BC51-91088D10BA75}.Release|Any CPU.Build.0 = Release|Any CPU
	EndGlobalSection
	GlobalSection(SolutionProperties) = preSolution
		HideSolutionNode = FALSE
	EndGlobalSection
	GlobalSection(NestedProjects) = preSolution
		{7F82DCE8-F633-497D-BF7D-E7F1EFE193CA} = {AA7B2327-F62C-4D0D-82BC-9407351C0F34}
		{65237CE7-CED5-4B76-99D2-58C63B323E1C} = {AA7B2327-F62C-4D0D-82BC-9407351C0F34}
		{4F5C1045-F899-4C17-A27F-B618D15CC01B} = {AA7B2327-F62C-4D0D-82BC-9407351C0F34}
		{4F763BDF-1DB8-4AB5-83A9-686A0CA45C3C} = {1D442151-0D6E-459A-AF70-1D15E4CC77B8}
		{5EB8D2F1-9535-4CE7-BC51-91088D10BA75} = {1D442151-0D6E-459A-AF70-1D15E4CC77B8}
	EndGlobalSection
EndGlobal
