
Microsoft Visual Studio Solution File, Format Version 12.00
# Visual Studio 14
VisualStudioVersion = 14.0.24720.0
MinimumVisualStudioVersion = 10.0.40219.1
Project("{FAE04EC0-301F-11D3-BF4B-00C04F79EFBC}") = "SortingService", "SortingService\SortingService.csproj", "{EF7F3294-9E47-401C-BE2D-2B37E98B6F01}"
EndProject
Project("{FAE04EC0-301F-11D3-BF4B-00C04F79EFBC}") = "SortingService.BusinessLayer", "SortingService.BusinessLayer\SortingService.BusinessLayer.csproj", "{131D96E9-913D-4445-8C4F-D0F9B0BB0AC5}"
EndProject
Project("{FAE04EC0-301F-11D3-BF4B-00C04F79EFBC}") = "SortingService.DataAccess", "SortingService.DataAccess\SortingService.DataAccess.csproj", "{899738E2-FCEC-4CBD-9344-16EF523B627E}"
EndProject
Project("{FAE04EC0-301F-11D3-BF4B-00C04F79EFBC}") = "SortingService.Client", "SortingService.Client\SortingService.Client.csproj", "{7F82DCE8-F633-497D-BF7D-E7F1EFE193CA}"
	ProjectSection(ProjectDependencies) = postProject
		{EF7F3294-9E47-401C-BE2D-2B37E98B6F01} = {EF7F3294-9E47-401C-BE2D-2B37E98B6F01}
	EndProjectSection
EndProject
Global
	GlobalSection(SolutionConfigurationPlatforms) = preSolution
		Debug|Any CPU = Debug|Any CPU
		Release|Any CPU = Release|Any CPU
	EndGlobalSection
	GlobalSection(ProjectConfigurationPlatforms) = postSolution
		{EF7F3294-9E47-401C-BE2D-2B37E98B6F01}.Debug|Any CPU.ActiveCfg = Debug|Any CPU
		{EF7F3294-9E47-401C-BE2D-2B37E98B6F01}.Debug|Any CPU.Build.0 = Debug|Any CPU
		{EF7F3294-9E47-401C-BE2D-2B37E98B6F01}.Release|Any CPU.ActiveCfg = Release|Any CPU
		{EF7F3294-9E47-401C-BE2D-2B37E98B6F01}.Release|Any CPU.Build.0 = Release|Any CPU
		{131D96E9-913D-4445-8C4F-D0F9B0BB0AC5}.Debug|Any CPU.ActiveCfg = Debug|Any CPU
		{131D96E9-913D-4445-8C4F-D0F9B0BB0AC5}.Debug|Any CPU.Build.0 = Debug|Any CPU
		{131D96E9-913D-4445-8C4F-D0F9B0BB0AC5}.Release|Any CPU.ActiveCfg = Release|Any CPU
		{131D96E9-913D-4445-8C4F-D0F9B0BB0AC5}.Release|Any CPU.Build.0 = Release|Any CPU
		{899738E2-FCEC-4CBD-9344-16EF523B627E}.Debug|Any CPU.ActiveCfg = Debug|Any CPU
		{899738E2-FCEC-4CBD-9344-16EF523B627E}.Debug|Any CPU.Build.0 = Debug|Any CPU
		{899738E2-FCEC-4CBD-9344-16EF523B627E}.Release|Any CPU.ActiveCfg = Release|Any CPU
		{899738E2-FCEC-4CBD-9344-16EF523B627E}.Release|Any CPU.Build.0 = Release|Any CPU
		{7F82DCE8-F633-497D-BF7D-E7F1EFE193CA}.Debug|Any CPU.ActiveCfg = Debug|Any CPU
		{7F82DCE8-F633-497D-BF7D-E7F1EFE193CA}.Debug|Any CPU.Build.0 = Debug|Any CPU
		{7F82DCE8-F633-497D-BF7D-E7F1EFE193CA}.Release|Any CPU.ActiveCfg = Release|Any CPU
		{7F82DCE8-F633-497D-BF7D-E7F1EFE193CA}.Release|Any CPU.Build.0 = Release|Any CPU
	EndGlobalSection
	GlobalSection(SolutionProperties) = preSolution
		HideSolutionNode = FALSE
	EndGlobalSection
EndGlobal
